
Microsoft Visual Studio Solution File, Format Version 12.00
# Visual Studio 15
VisualStudioVersion = 15.0.27428.2027
MinimumVisualStudioVersion = 10.0.40219.1
Project("{FAE04EC0-301F-11D3-BF4B-00C04F79EFBC}") = "jamboInterview", "jamboInterview\jamboInterview.csproj", "{348E9C1D-A1E9-4F6C-9359-7564DEDC41BB}"
EndProject
Global
	GlobalSection(SolutionConfigurationPlatforms) = preSolution
		Debug|Any CPU = Debug|Any CPU
		Release|Any CPU = Release|Any CPU
	EndGlobalSection
	GlobalSection(ProjectConfigurationPlatforms) = postSolution
		{348E9C1D-A1E9-4F6C-9359-7564DEDC41BB}.Debug|Any CPU.ActiveCfg = Debug|Any CPU
		{348E9C1D-A1E9-4F6C-9359-7564DEDC41BB}.Debug|Any CPU.Build.0 = Debug|Any CPU
		{348E9C1D-A1E9-4F6C-9359-7564DEDC41BB}.Release|Any CPU.ActiveCfg = Release|Any CPU
		{348E9C1D-A1E9-4F6C-9359-7564DEDC41BB}.Release|Any CPU.Build.0 = Release|Any CPU
	EndGlobalSection
	GlobalSection(SolutionProperties) = preSolution
		HideSolutionNode = FALSE
	EndGlobalSection
	GlobalSection(ExtensibilityGlobals) = postSolution
		SolutionGuid = {98FF2A7A-B8BE-4906-B0EE-9806228EB4FA}
	EndGlobalSection
EndGlobal
